
Microsoft Visual Studio Solution File, Format Version 12.00
# Visual Studio Version 16
VisualStudioVersion = 16.0.33130.400
MinimumVisualStudioVersion = 10.0.40219.1
Project("{FAE04EC0-301F-11D3-BF4B-00C04F79EFBC}") = "etiquetasMiin", "etiquetasMiin\etiquetasMiin.csproj", "{D980830D-9A6A-4F5A-A8FB-6DFF0BD528EA}"
EndProject
Global
	GlobalSection(SolutionConfigurationPlatforms) = preSolution
		Debug|Any CPU = Debug|Any CPU
		Release|Any CPU = Release|Any CPU
	EndGlobalSection
	GlobalSection(ProjectConfigurationPlatforms) = postSolution
		{D980830D-9A6A-4F5A-A8FB-6DFF0BD528EA}.Debug|Any CPU.ActiveCfg = Debug|Any CPU
		{D980830D-9A6A-4F5A-A8FB-6DFF0BD528EA}.Debug|Any CPU.Build.0 = Debug|Any CPU
		{D980830D-9A6A-4F5A-A8FB-6DFF0BD528EA}.Release|Any CPU.ActiveCfg = Release|Any CPU
		{D980830D-9A6A-4F5A-A8FB-6DFF0BD528EA}.Release|Any CPU.Build.0 = Release|Any CPU
	EndGlobalSection
	GlobalSection(SolutionProperties) = preSolution
		HideSolutionNode = FALSE
	EndGlobalSection
	GlobalSection(ExtensibilityGlobals) = postSolution
		SolutionGuid = {D52B04B3-77A8-4046-9C9C-0DA799139F01}
	EndGlobalSection
EndGlobal
